// !$*UTF8*$!
{
	archiveVersion = 1;
	classes = {
	};
	objectVersion = 56;
	objects = {

/* Begin PBXBuildFile section */
		033110A92A1CA54400994C02 /* TasteaProjectApp.swift in Sources */ = {isa = PBXBuildFile; fileRef = 033110A82A1CA54400994C02 /* TasteaProjectApp.swift */; };
		033110AB2A1CA54400994C02 /* ContentView.swift in Sources */ = {isa = PBXBuildFile; fileRef = 033110AA2A1CA54400994C02 /* ContentView.swift */; };
		033110AD2A1CA54500994C02 /* Assets.xcassets in Resources */ = {isa = PBXBuildFile; fileRef = 033110AC2A1CA54500994C02 /* Assets.xcassets */; };
		033110B02A1CA54500994C02 /* Preview Assets.xcassets in Resources */ = {isa = PBXBuildFile; fileRef = 033110AF2A1CA54500994C02 /* Preview Assets.xcassets */; };
		033110B92A1CA63A00994C02 /* HomePageView.swift in Sources */ = {isa = PBXBuildFile; fileRef = 033110B82A1CA63A00994C02 /* HomePageView.swift */; };
		033110BC2A1CA65600994C02 /* SearchBar.swift in Sources */ = {isa = PBXBuildFile; fileRef = 033110BB2A1CA65600994C02 /* SearchBar.swift */; };
		033110BE2A1CAA9D00994C02 /* CategoriesModel.swift in Sources */ = {isa = PBXBuildFile; fileRef = 033110BD2A1CAA9D00994C02 /* CategoriesModel.swift */; };
		033110C22A1CAFD700994C02 /* CategoriesView.swift in Sources */ = {isa = PBXBuildFile; fileRef = 033110C12A1CAFD700994C02 /* CategoriesView.swift */; };
		033110C42A1CB05600994C02 /* AllSectionModel.swift in Sources */ = {isa = PBXBuildFile; fileRef = 033110C32A1CB05600994C02 /* AllSectionModel.swift */; };
		033110C62A1CBDD700994C02 /* SectionsView.swift in Sources */ = {isa = PBXBuildFile; fileRef = 033110C52A1CBDD700994C02 /* SectionsView.swift */; };
		033110C82A1CC75000994C02 /* RecipesModel.swift in Sources */ = {isa = PBXBuildFile; fileRef = 033110C72A1CC75000994C02 /* RecipesModel.swift */; };
		033110CC2A1CCAF600994C02 /* CardInfo.swift in Sources */ = {isa = PBXBuildFile; fileRef = 033110CB2A1CCAF600994C02 /* CardInfo.swift */; };
		033110CE2A1CD14E00994C02 /* NewRecipeView.swift in Sources */ = {isa = PBXBuildFile; fileRef = 033110CD2A1CD14E00994C02 /* NewRecipeView.swift */; };
		033110D02A1CDAAE00994C02 /* RecipesDetailsPage.swift in Sources */ = {isa = PBXBuildFile; fileRef = 033110CF2A1CDAAE00994C02 /* RecipesDetailsPage.swift */; };
		033110D22A1CDE7000994C02 /* MainTap.swift in Sources */ = {isa = PBXBuildFile; fileRef = 033110D12A1CDE7000994C02 /* MainTap.swift */; };
		033110D62A1CDEBD00994C02 /* SearchView.swift in Sources */ = {isa = PBXBuildFile; fileRef = 033110D52A1CDEBD00994C02 /* SearchView.swift */; };
		033110D82A1CDECA00994C02 /* ProfileView.swift in Sources */ = {isa = PBXBuildFile; fileRef = 033110D72A1CDECA00994C02 /* ProfileView.swift */; };
		033110DA2A1CDFD900994C02 /* PressButton.swift in Sources */ = {isa = PBXBuildFile; fileRef = 033110D92A1CDFD900994C02 /* PressButton.swift */; };
		033110DC2A1CE02B00994C02 /* SheetView.swift in Sources */ = {isa = PBXBuildFile; fileRef = 033110DB2A1CE02B00994C02 /* SheetView.swift */; };
		033110DE2A1CE03F00994C02 /* FilterModel.swift in Sources */ = {isa = PBXBuildFile; fileRef = 033110DD2A1CE03F00994C02 /* FilterModel.swift */; };
		033110E02A1CE0A800994C02 /* FilterList.swift in Sources */ = {isa = PBXBuildFile; fileRef = 033110DF2A1CE0A800994C02 /* FilterList.swift */; };
		033110E22A1CE42500994C02 /* SignInView.swift in Sources */ = {isa = PBXBuildFile; fileRef = 033110E12A1CE42500994C02 /* SignInView.swift */; };
		033110E42A1CE43C00994C02 /* Onboarding.swift in Sources */ = {isa = PBXBuildFile; fileRef = 033110E32A1CE43C00994C02 /* Onboarding.swift */; };
		033110E62A1CE5C100994C02 /* TeaView.swift in Sources */ = {isa = PBXBuildFile; fileRef = 033110E52A1CE5C100994C02 /* TeaView.swift */; };
		033110E82A1CE6B100994C02 /* TeaTypesModel.swift in Sources */ = {isa = PBXBuildFile; fileRef = 033110E72A1CE6B100994C02 /* TeaTypesModel.swift */; };
/* End PBXBuildFile section */

/* Begin PBXFileReference section */
		033110A52A1CA54400994C02 /* TasteaProject.app */ = {isa = PBXFileReference; explicitFileType = wrapper.application; includeInIndex = 0; path = TasteaProject.app; sourceTree = BUILT_PRODUCTS_DIR; };
		033110A82A1CA54400994C02 /* TasteaProjectApp.swift */ = {isa = PBXFileReference; lastKnownFileType = sourcecode.swift; path = TasteaProjectApp.swift; sourceTree = "<group>"; };
		033110AA2A1CA54400994C02 /* ContentView.swift */ = {isa = PBXFileReference; lastKnownFileType = sourcecode.swift; path = ContentView.swift; sourceTree = "<group>"; };
		033110AC2A1CA54500994C02 /* Assets.xcassets */ = {isa = PBXFileReference; lastKnownFileType = folder.assetcatalog; path = Assets.xcassets; sourceTree = "<group>"; };
		033110AF2A1CA54500994C02 /* Preview Assets.xcassets */ = {isa = PBXFileReference; lastKnownFileType = folder.assetcatalog; path = "Preview Assets.xcassets"; sourceTree = "<group>"; };
		033110B82A1CA63A00994C02 /* HomePageView.swift */ = {isa = PBXFileReference; lastKnownFileType = sourcecode.swift; path = HomePageView.swift; sourceTree = "<group>"; };
		033110BB2A1CA65600994C02 /* SearchBar.swift */ = {isa = PBXFileReference; lastKnownFileType = sourcecode.swift; path = SearchBar.swift; sourceTree = "<group>"; };
		033110BD2A1CAA9D00994C02 /* CategoriesModel.swift */ = {isa = PBXFileReference; lastKnownFileType = sourcecode.swift; path = CategoriesModel.swift; sourceTree = "<group>"; };
		033110C12A1CAFD700994C02 /* CategoriesView.swift */ = {isa = PBXFileReference; lastKnownFileType = sourcecode.swift; path = CategoriesView.swift; sourceTree = "<group>"; };
		033110C32A1CB05600994C02 /* AllSectionModel.swift */ = {isa = PBXFileReference; lastKnownFileType = sourcecode.swift; path = AllSectionModel.swift; sourceTree = "<group>"; };
		033110C52A1CBDD700994C02 /* SectionsView.swift */ = {isa = PBXFileReference; lastKnownFileType = sourcecode.swift; path = SectionsView.swift; sourceTree = "<group>"; };
		033110C72A1CC75000994C02 /* RecipesModel.swift */ = {isa = PBXFileReference; lastKnownFileType = sourcecode.swift; path = RecipesModel.swift; sourceTree = "<group>"; };
		033110CB2A1CCAF600994C02 /* CardInfo.swift */ = {isa = PBXFileReference; lastKnownFileType = sourcecode.swift; path = CardInfo.swift; sourceTree = "<group>"; };
		033110CD2A1CD14E00994C02 /* NewRecipeView.swift */ = {isa = PBXFileReference; lastKnownFileType = sourcecode.swift; path = NewRecipeView.swift; sourceTree = "<group>"; };
		033110CF2A1CDAAE00994C02 /* RecipesDetailsPage.swift */ = {isa = PBXFileReference; lastKnownFileType = sourcecode.swift; path = RecipesDetailsPage.swift; sourceTree = "<group>"; };
		033110D12A1CDE7000994C02 /* MainTap.swift */ = {isa = PBXFileReference; lastKnownFileType = sourcecode.swift; path = MainTap.swift; sourceTree = "<group>"; };
		033110D52A1CDEBD00994C02 /* SearchView.swift */ = {isa = PBXFileReference; lastKnownFileType = sourcecode.swift; path = SearchView.swift; sourceTree = "<group>"; };
		033110D72A1CDECA00994C02 /* ProfileView.swift */ = {isa = PBXFileReference; lastKnownFileType = sourcecode.swift; path = ProfileView.swift; sourceTree = "<group>"; };
		033110D92A1CDFD900994C02 /* PressButton.swift */ = {isa = PBXFileReference; lastKnownFileType = sourcecode.swift; path = PressButton.swift; sourceTree = "<group>"; };
		033110DB2A1CE02B00994C02 /* SheetView.swift */ = {isa = PBXFileReference; lastKnownFileType = sourcecode.swift; path = SheetView.swift; sourceTree = "<group>"; };
		033110DD2A1CE03F00994C02 /* FilterModel.swift */ = {isa = PBXFileReference; lastKnownFileType = sourcecode.swift; path = FilterModel.swift; sourceTree = "<group>"; };
		033110DF2A1CE0A800994C02 /* FilterList.swift */ = {isa = PBXFileReference; lastKnownFileType = sourcecode.swift; path = FilterList.swift; sourceTree = "<group>"; };
		033110E12A1CE42500994C02 /* SignInView.swift */ = {isa = PBXFileReference; lastKnownFileType = sourcecode.swift; path = SignInView.swift; sourceTree = "<group>"; };
		033110E32A1CE43C00994C02 /* Onboarding.swift */ = {isa = PBXFileReference; lastKnownFileType = sourcecode.swift; path = Onboarding.swift; sourceTree = "<group>"; };
		033110E52A1CE5C100994C02 /* TeaView.swift */ = {isa = PBXFileReference; lastKnownFileType = sourcecode.swift; path = TeaView.swift; sourceTree = "<group>"; };
		033110E72A1CE6B100994C02 /* TeaTypesModel.swift */ = {isa = PBXFileReference; lastKnownFileType = sourcecode.swift; path = TeaTypesModel.swift; sourceTree = "<group>"; };
/* End PBXFileReference section */

/* Begin PBXFrameworksBuildPhase section */
		033110A22A1CA54400994C02 /* Frameworks */ = {
			isa = PBXFrameworksBuildPhase;
			buildActionMask = 2147483647;
			files = (
			);
			runOnlyForDeploymentPostprocessing = 0;
		};
/* End PBXFrameworksBuildPhase section */

/* Begin PBXGroup section */
		0331109C2A1CA54400994C02 = {
			isa = PBXGroup;
			children = (
				033110A72A1CA54400994C02 /* TasteaProject */,
				033110A62A1CA54400994C02 /* Products */,
			);
			sourceTree = "<group>";
		};
		033110A62A1CA54400994C02 /* Products */ = {
			isa = PBXGroup;
			children = (
				033110A52A1CA54400994C02 /* TasteaProject.app */,
			);
			name = Products;
			sourceTree = "<group>";
		};
		033110A72A1CA54400994C02 /* TasteaProject */ = {
			isa = PBXGroup;
			children = (
				033110BA2A1CA64300994C02 /* Components */,
				033110B82A1CA63A00994C02 /* HomePageView.swift */,
				033110E32A1CE43C00994C02 /* Onboarding.swift */,
				033110E12A1CE42500994C02 /* SignInView.swift */,
				033110CF2A1CDAAE00994C02 /* RecipesDetailsPage.swift */,
				033110A82A1CA54400994C02 /* TasteaProjectApp.swift */,
				033110AA2A1CA54400994C02 /* ContentView.swift */,
				033110D52A1CDEBD00994C02 /* SearchView.swift */,
				033110D72A1CDECA00994C02 /* ProfileView.swift */,
				033110DB2A1CE02B00994C02 /* SheetView.swift */,
				033110AC2A1CA54500994C02 /* Assets.xcassets */,
				033110AE2A1CA54500994C02 /* Preview Content */,
			);
			path = TasteaProject;
			sourceTree = "<group>";
		};
		033110AE2A1CA54500994C02 /* Preview Content */ = {
			isa = PBXGroup;
			children = (
				033110AF2A1CA54500994C02 /* Preview Assets.xcassets */,
			);
			path = "Preview Content";
			sourceTree = "<group>";
		};
		033110BA2A1CA64300994C02 /* Components */ = {
			isa = PBXGroup;
			children = (
				033110E52A1CE5C100994C02 /* TeaView.swift */,
				033110D12A1CDE7000994C02 /* MainTap.swift */,
				033110BB2A1CA65600994C02 /* SearchBar.swift */,
				033110BD2A1CAA9D00994C02 /* CategoriesModel.swift */,
				033110C12A1CAFD700994C02 /* CategoriesView.swift */,
				033110C32A1CB05600994C02 /* AllSectionModel.swift */,
				033110C52A1CBDD700994C02 /* SectionsView.swift */,
				033110C72A1CC75000994C02 /* RecipesModel.swift */,
				033110CB2A1CCAF600994C02 /* CardInfo.swift */,
				033110CD2A1CD14E00994C02 /* NewRecipeView.swift */,
				033110D92A1CDFD900994C02 /* PressButton.swift */,
				033110DF2A1CE0A800994C02 /* FilterList.swift */,
				033110DD2A1CE03F00994C02 /* FilterModel.swift */,
				033110E72A1CE6B100994C02 /* TeaTypesModel.swift */,
			);
			path = Components;
			sourceTree = "<group>";
		};
/* End PBXGroup section */

/* Begin PBXNativeTarget section */
		033110A42A1CA54400994C02 /* TasteaProject */ = {
			isa = PBXNativeTarget;
			buildConfigurationList = 033110B32A1CA54500994C02 /* Build configuration list for PBXNativeTarget "TasteaProject" */;
			buildPhases = (
				033110A12A1CA54400994C02 /* Sources */,
				033110A22A1CA54400994C02 /* Frameworks */,
				033110A32A1CA54400994C02 /* Resources */,
			);
			buildRules = (
			);
			dependencies = (
			);
			name = TasteaProject;
			productName = TasteaProject;
			productReference = 033110A52A1CA54400994C02 /* TasteaProject.app */;
			productType = "com.apple.product-type.application";
		};
/* End PBXNativeTarget section */

/* Begin PBXProject section */
		0331109D2A1CA54400994C02 /* Project object */ = {
			isa = PBXProject;
			attributes = {
				BuildIndependentTargetsInParallel = 1;
				LastSwiftUpdateCheck = 1420;
				LastUpgradeCheck = 1420;
				TargetAttributes = {
					033110A42A1CA54400994C02 = {
						CreatedOnToolsVersion = 14.2;
					};
				};
			};
			buildConfigurationList = 033110A02A1CA54400994C02 /* Build configuration list for PBXProject "TasteaProject" */;
			compatibilityVersion = "Xcode 14.0";
			developmentRegion = en;
			hasScannedForEncodings = 0;
			knownRegions = (
				en,
				Base,
			);
			mainGroup = 0331109C2A1CA54400994C02;
			productRefGroup = 033110A62A1CA54400994C02 /* Products */;
			projectDirPath = "";
			projectRoot = "";
			targets = (
				033110A42A1CA54400994C02 /* TasteaProject */,
			);
		};
/* End PBXProject section */

/* Begin PBXResourcesBuildPhase section */
		033110A32A1CA54400994C02 /* Resources */ = {
			isa = PBXResourcesBuildPhase;
			buildActionMask = 2147483647;
			files = (
				033110B02A1CA54500994C02 /* Preview Assets.xcassets in Resources */,
				033110AD2A1CA54500994C02 /* Assets.xcassets in Resources */,
			);
			runOnlyForDeploymentPostprocessing = 0;
		};
/* End PBXResourcesBuildPhase section */

/* Begin PBXSourcesBuildPhase section */
		033110A12A1CA54400994C02 /* Sources */ = {
			isa = PBXSourcesBuildPhase;
			buildActionMask = 2147483647;
			files = (
				033110C62A1CBDD700994C02 /* SectionsView.swift in Sources */,
				033110D02A1CDAAE00994C02 /* RecipesDetailsPage.swift in Sources */,
				033110C82A1CC75000994C02 /* RecipesModel.swift in Sources */,
				033110E42A1CE43C00994C02 /* Onboarding.swift in Sources */,
				033110DE2A1CE03F00994C02 /* FilterModel.swift in Sources */,
				033110D22A1CDE7000994C02 /* MainTap.swift in Sources */,
				033110BE2A1CAA9D00994C02 /* CategoriesModel.swift in Sources */,
				033110DA2A1CDFD900994C02 /* PressButton.swift in Sources */,
				033110E02A1CE0A800994C02 /* FilterList.swift in Sources */,
				033110AB2A1CA54400994C02 /* ContentView.swift in Sources */,
				033110E82A1CE6B100994C02 /* TeaTypesModel.swift in Sources */,
				033110C22A1CAFD700994C02 /* CategoriesView.swift in Sources */,
				033110D82A1CDECA00994C02 /* ProfileView.swift in Sources */,
				033110CC2A1CCAF600994C02 /* CardInfo.swift in Sources */,
				033110CE2A1CD14E00994C02 /* NewRecipeView.swift in Sources */,
				033110C42A1CB05600994C02 /* AllSectionModel.swift in Sources */,
				033110E22A1CE42500994C02 /* SignInView.swift in Sources */,
				033110D62A1CDEBD00994C02 /* SearchView.swift in Sources */,
				033110E62A1CE5C100994C02 /* TeaView.swift in Sources */,
				033110BC2A1CA65600994C02 /* SearchBar.swift in Sources */,
				033110B92A1CA63A00994C02 /* HomePageView.swift in Sources */,
				033110A92A1CA54400994C02 /* TasteaProjectApp.swift in Sources */,
				033110DC2A1CE02B00994C02 /* SheetView.swift in Sources */,
			);
			runOnlyForDeploymentPostprocessing = 0;
		};
/* End PBXSourcesBuildPhase section */

/* Begin XCBuildConfiguration section */
		033110B12A1CA54500994C02 /* Debug */ = {
			isa = XCBuildConfiguration;
			buildSettings = {
				ALWAYS_SEARCH_USER_PATHS = NO;
				CLANG_ANALYZER_NONNULL = YES;
				CLANG_ANALYZER_NUMBER_OBJECT_CONVERSION = YES_AGGRESSIVE;
				CLANG_CXX_LANGUAGE_STANDARD = "gnu++20";
				CLANG_ENABLE_MODULES = YES;
				CLANG_ENABLE_OBJC_ARC = YES;
				CLANG_ENABLE_OBJC_WEAK = YES;
				CLANG_WARN_BLOCK_CAPTURE_AUTORELEASING = YES;
				CLANG_WARN_BOOL_CONVERSION = YES;
				CLANG_WARN_COMMA = YES;
				CLANG_WARN_CONSTANT_CONVERSION = YES;
				CLANG_WARN_DEPRECATED_OBJC_IMPLEMENTATIONS = YES;
				CLANG_WARN_DIRECT_OBJC_ISA_USAGE = YES_ERROR;
				CLANG_WARN_DOCUMENTATION_COMMENTS = YES;
				CLANG_WARN_EMPTY_BODY = YES;
				CLANG_WARN_ENUM_CONVERSION = YES;
				CLANG_WARN_INFINITE_RECURSION = YES;
				CLANG_WARN_INT_CONVERSION = YES;
				CLANG_WARN_NON_LITERAL_NULL_CONVERSION = YES;
				CLANG_WARN_OBJC_IMPLICIT_RETAIN_SELF = YES;
				CLANG_WARN_OBJC_LITERAL_CONVERSION = YES;
				CLANG_WARN_OBJC_ROOT_CLASS = YES_ERROR;
				CLANG_WARN_QUOTED_INCLUDE_IN_FRAMEWORK_HEADER = YES;
				CLANG_WARN_RANGE_LOOP_ANALYSIS = YES;
				CLANG_WARN_STRICT_PROTOTYPES = YES;
				CLANG_WARN_SUSPICIOUS_MOVE = YES;
				CLANG_WARN_UNGUARDED_AVAILABILITY = YES_AGGRESSIVE;
				CLANG_WARN_UNREACHABLE_CODE = YES;
				CLANG_WARN__DUPLICATE_METHOD_MATCH = YES;
				COPY_PHASE_STRIP = NO;
				DEBUG_INFORMATION_FORMAT = dwarf;
				ENABLE_STRICT_OBJC_MSGSEND = YES;
				ENABLE_TESTABILITY = YES;
				GCC_C_LANGUAGE_STANDARD = gnu11;
				GCC_DYNAMIC_NO_PIC = NO;
				GCC_NO_COMMON_BLOCKS = YES;
				GCC_OPTIMIZATION_LEVEL = 0;
				GCC_PREPROCESSOR_DEFINITIONS = (
					"DEBUG=1",
					"$(inherited)",
				);
				GCC_WARN_64_TO_32_BIT_CONVERSION = YES;
				GCC_WARN_ABOUT_RETURN_TYPE = YES_ERROR;
				GCC_WARN_UNDECLARED_SELECTOR = YES;
				GCC_WARN_UNINITIALIZED_AUTOS = YES_AGGRESSIVE;
				GCC_WARN_UNUSED_FUNCTION = YES;
				GCC_WARN_UNUSED_VARIABLE = YES;
				IPHONEOS_DEPLOYMENT_TARGET = 16.2;
				MTL_ENABLE_DEBUG_INFO = INCLUDE_SOURCE;
				MTL_FAST_MATH = YES;
				ONLY_ACTIVE_ARCH = YES;
				SDKROOT = iphoneos;
				SWIFT_ACTIVE_COMPILATION_CONDITIONS = DEBUG;
				SWIFT_OPTIMIZATION_LEVEL = "-Onone";
			};
			name = Debug;
		};
		033110B22A1CA54500994C02 /* Release */ = {
			isa = XCBuildConfiguration;
			buildSettings = {
				ALWAYS_SEARCH_USER_PATHS = NO;
				CLANG_ANALYZER_NONNULL = YES;
				CLANG_ANALYZER_NUMBER_OBJECT_CONVERSION = YES_AGGRESSIVE;
				CLANG_CXX_LANGUAGE_STANDARD = "gnu++20";
				CLANG_ENABLE_MODULES = YES;
				CLANG_ENABLE_OBJC_ARC = YES;
				CLANG_ENABLE_OBJC_WEAK = YES;
				CLANG_WARN_BLOCK_CAPTURE_AUTORELEASING = YES;
				CLANG_WARN_BOOL_CONVERSION = YES;
				CLANG_WARN_COMMA = YES;
				CLANG_WARN_CONSTANT_CONVERSION = YES;
				CLANG_WARN_DEPRECATED_OBJC_IMPLEMENTATIONS = YES;
				CLANG_WARN_DIRECT_OBJC_ISA_USAGE = YES_ERROR;
				CLANG_WARN_DOCUMENTATION_COMMENTS = YES;
				CLANG_WARN_EMPTY_BODY = YES;
				CLANG_WARN_ENUM_CONVERSION = YES;
				CLANG_WARN_INFINITE_RECURSION = YES;
				CLANG_WARN_INT_CONVERSION = YES;
				CLANG_WARN_NON_LITERAL_NULL_CONVERSION = YES;
				CLANG_WARN_OBJC_IMPLICIT_RETAIN_SELF = YES;
				CLANG_WARN_OBJC_LITERAL_CONVERSION = YES;
				CLANG_WARN_OBJC_ROOT_CLASS = YES_ERROR;
				CLANG_WARN_QUOTED_INCLUDE_IN_FRAMEWORK_HEADER = YES;
				CLANG_WARN_RANGE_LOOP_ANALYSIS = YES;
				CLANG_WARN_STRICT_PROTOTYPES = YES;
				CLANG_WARN_SUSPICIOUS_MOVE = YES;
				CLANG_WARN_UNGUARDED_AVAILABILITY = YES_AGGRESSIVE;
				CLANG_WARN_UNREACHABLE_CODE = YES;
				CLANG_WARN__DUPLICATE_METHOD_MATCH = YES;
				COPY_PHASE_STRIP = NO;
				DEBUG_INFORMATION_FORMAT = "dwarf-with-dsym";
				ENABLE_NS_ASSERTIONS = NO;
				ENABLE_STRICT_OBJC_MSGSEND = YES;
				GCC_C_LANGUAGE_STANDARD = gnu11;
				GCC_NO_COMMON_BLOCKS = YES;
				GCC_WARN_64_TO_32_BIT_CONVERSION = YES;
				GCC_WARN_ABOUT_RETURN_TYPE = YES_ERROR;
				GCC_WARN_UNDECLARED_SELECTOR = YES;
				GCC_WARN_UNINITIALIZED_AUTOS = YES_AGGRESSIVE;
				GCC_WARN_UNUSED_FUNCTION = YES;
				GCC_WARN_UNUSED_VARIABLE = YES;
				IPHONEOS_DEPLOYMENT_TARGET = 16.2;
				MTL_ENABLE_DEBUG_INFO = NO;
				MTL_FAST_MATH = YES;
				SDKROOT = iphoneos;
				SWIFT_COMPILATION_MODE = wholemodule;
				SWIFT_OPTIMIZATION_LEVEL = "-O";
				VALIDATE_PRODUCT = YES;
			};
			name = Release;
		};
		033110B42A1CA54500994C02 /* Debug */ = {
			isa = XCBuildConfiguration;
			buildSettings = {
				ASSETCATALOG_COMPILER_APPICON_NAME = AppIcon;
				ASSETCATALOG_COMPILER_GLOBAL_ACCENT_COLOR_NAME = AccentColor;
				CODE_SIGN_STYLE = Automatic;
				CURRENT_PROJECT_VERSION = 1;
				DEVELOPMENT_ASSET_PATHS = "\"TasteaProject/Preview Content\"";
				DEVELOPMENT_TEAM = RWX4BM392G;
				ENABLE_PREVIEWS = YES;
				GENERATE_INFOPLIST_FILE = YES;
				INFOPLIST_KEY_UIApplicationSceneManifest_Generation = YES;
				INFOPLIST_KEY_UIApplicationSupportsIndirectInputEvents = YES;
				INFOPLIST_KEY_UILaunchScreen_Generation = YES;
				INFOPLIST_KEY_UISupportedInterfaceOrientations_iPad = "UIInterfaceOrientationPortrait UIInterfaceOrientationPortraitUpsideDown UIInterfaceOrientationLandscapeLeft UIInterfaceOrientationLandscapeRight";
				INFOPLIST_KEY_UISupportedInterfaceOrientations_iPhone = "UIInterfaceOrientationPortrait UIInterfaceOrientationLandscapeLeft UIInterfaceOrientationLandscapeRight";
				LD_RUNPATH_SEARCH_PATHS = (
					"$(inherited)",
					"@executable_path/Frameworks",
				);
				MARKETING_VERSION = 1.0;
				PRODUCT_BUNDLE_IDENTIFIER = com.example.TasteaProject;
				PRODUCT_NAME = "$(TARGET_NAME)";
				SWIFT_EMIT_LOC_STRINGS = YES;
				SWIFT_VERSION = 5.0;
				TARGETED_DEVICE_FAMILY = "1,2";
			};
			name = Debug;
		};
		033110B52A1CA54500994C02 /* Release */ = {
			isa = XCBuildConfiguration;
			buildSettings = {
				ASSETCATALOG_COMPILER_APPICON_NAME = AppIcon;
				ASSETCATALOG_COMPILER_GLOBAL_ACCENT_COLOR_NAME = AccentColor;
				CODE_SIGN_STYLE = Automatic;
				CURRENT_PROJECT_VERSION = 1;
				DEVELOPMENT_ASSET_PATHS = "\"TasteaProject/Preview Content\"";
				DEVELOPMENT_TEAM = RWX4BM392G;
				ENABLE_PREVIEWS = YES;
				GENERATE_INFOPLIST_FILE = YES;
				INFOPLIST_KEY_UIApplicationSceneManifest_Generation = YES;
				INFOPLIST_KEY_UIApplicationSupportsIndirectInputEvents = YES;
				INFOPLIST_KEY_UILaunchScreen_Generation = YES;
				INFOPLIST_KEY_UISupportedInterfaceOrientations_iPad = "UIInterfaceOrientationPortrait UIInterfaceOrientationPortraitUpsideDown UIInterfaceOrientationLandscapeLeft UIInterfaceOrientationLandscapeRight";
				INFOPLIST_KEY_UISupportedInterfaceOrientations_iPhone = "UIInterfaceOrientationPortrait UIInterfaceOrientationLandscapeLeft UIInterfaceOrientationLandscapeRight";
				LD_RUNPATH_SEARCH_PATHS = (
					"$(inherited)",
					"@executable_path/Frameworks",
				);
				MARKETING_VERSION = 1.0;
				PRODUCT_BUNDLE_IDENTIFIER = com.example.TasteaProject;
				PRODUCT_NAME = "$(TARGET_NAME)";
				SWIFT_EMIT_LOC_STRINGS = YES;
				SWIFT_VERSION = 5.0;
				TARGETED_DEVICE_FAMILY = "1,2";
			};
			name = Release;
		};
/* End XCBuildConfiguration section */

/* Begin XCConfigurationList section */
		033110A02A1CA54400994C02 /* Build configuration list for PBXProject "TasteaProject" */ = {
			isa = XCConfigurationList;
			buildConfigurations = (
				033110B12A1CA54500994C02 /* Debug */,
				033110B22A1CA54500994C02 /* Release */,
			);
			defaultConfigurationIsVisible = 0;
			defaultConfigurationName = Release;
		};
		033110B32A1CA54500994C02 /* Build configuration list for PBXNativeTarget "TasteaProject" */ = {
			isa = XCConfigurationList;
			buildConfigurations = (
				033110B42A1CA54500994C02 /* Debug */,
				033110B52A1CA54500994C02 /* Release */,
			);
			defaultConfigurationIsVisible = 0;
			defaultConfigurationName = Release;
		};
/* End XCConfigurationList section */
	};
	rootObject = 0331109D2A1CA54400994C02 /* Project object */;
}
